
Microsoft Visual Studio Solution File, Format Version 12.00
# Visual Studio Version 16
VisualStudioVersion = 16.0.29709.97
MinimumVisualStudioVersion = 10.0.40219.1
Project("{FAE04EC0-301F-11D3-BF4B-00C04F79EFBC}") = "ProyectoInde", "ProyectoInde\ProyectoInde.csproj", "{7AF889EE-1490-418C-80CC-0F23E0D4256F}"
EndProject
Global
	GlobalSection(SolutionConfigurationPlatforms) = preSolution
		Debug|Any CPU = Debug|Any CPU
		Release|Any CPU = Release|Any CPU
	EndGlobalSection
	GlobalSection(ProjectConfigurationPlatforms) = postSolution
		{7AF889EE-1490-418C-80CC-0F23E0D4256F}.Debug|Any CPU.ActiveCfg = Debug|Any CPU
		{7AF889EE-1490-418C-80CC-0F23E0D4256F}.Debug|Any CPU.Build.0 = Debug|Any CPU
		{7AF889EE-1490-418C-80CC-0F23E0D4256F}.Release|Any CPU.ActiveCfg = Release|Any CPU
		{7AF889EE-1490-418C-80CC-0F23E0D4256F}.Release|Any CPU.Build.0 = Release|Any CPU
	EndGlobalSection
	GlobalSection(SolutionProperties) = preSolution
		HideSolutionNode = FALSE
	EndGlobalSection
	GlobalSection(ExtensibilityGlobals) = postSolution
		SolutionGuid = {70BDB301-2000-4725-B282-FDFEB2C56F1F}
	EndGlobalSection
EndGlobal
